
Microsoft Visual Studio Solution File, Format Version 12.00
# Visual Studio Version 17
VisualStudioVersion = 17.4.33205.214
MinimumVisualStudioVersion = 10.0.40219.1
Project("{FAE04EC0-301F-11D3-BF4B-00C04F79EFBC}") = "ДЗ с регулярными выражениями(СиШарп)", "ДЗ с регулярными выражениями(СиШарп).csproj", "{EBC65DDD-54AD-4347-9EFF-4DC9A77D9F58}"
EndProject
Global
	GlobalSection(SolutionConfigurationPlatforms) = preSolution
		Debug|Any CPU = Debug|Any CPU
		Release|Any CPU = Release|Any CPU
	EndGlobalSection
	GlobalSection(ProjectConfigurationPlatforms) = postSolution
		{EBC65DDD-54AD-4347-9EFF-4DC9A77D9F58}.Debug|Any CPU.ActiveCfg = Debug|Any CPU
		{EBC65DDD-54AD-4347-9EFF-4DC9A77D9F58}.Debug|Any CPU.Build.0 = Debug|Any CPU
		{EBC65DDD-54AD-4347-9EFF-4DC9A77D9F58}.Release|Any CPU.ActiveCfg = Release|Any CPU
		{EBC65DDD-54AD-4347-9EFF-4DC9A77D9F58}.Release|Any CPU.Build.0 = Release|Any CPU
	EndGlobalSection
	GlobalSection(SolutionProperties) = preSolution
		HideSolutionNode = FALSE
	EndGlobalSection
	GlobalSection(ExtensibilityGlobals) = postSolution
		SolutionGuid = {15CF03DE-1164-4283-AB8D-EDC9B3268F1A}
	EndGlobalSection
EndGlobal
